{
  "name": "@calvinhaviandy/laravel-web",
  "version": "1.0.0",
  "lockfileVersion": 2,
  "requires": true,
  "packages": {
    "": {
      "name": "@calvinhaviandy/laravel-web",
      "version": "1.0.0",
      "license": "ISC",
      "dependencies": {
        "laravel-web": "^1.0.0"
      },
      "devDependencies": {}
    },
    "node_modules/laravel-web": {
      "version": "1.0.0",
      "resolved": "https://registry.npmjs.org/laravel-web/-/laravel-web-1.0.0.tgz",
      "integrity": "sha512-+BFKUHY31h+O0EldrFfzBK7m0kR0DOYTQDL2MvsZ7AkMrlp2QDXvX3aQ6FQ8I4FNEdwfe31Q1QS0C9MEN3eUAQ=="
    }
  },
  "dependencies": {
    "laravel-web": {
      "version": "1.0.0",
      "resolved": "https://registry.npmjs.org/laravel-web/-/laravel-web-1.0.0.tgz",
      "integrity": "sha512-+BFKUHY31h+O0EldrFfzBK7m0kR0DOYTQDL2MvsZ7AkMrlp2QDXvX3aQ6FQ8I4FNEdwfe31Q1QS0C9MEN3eUAQ=="
    }
  }
}
